
Microsoft Visual Studio Solution File, Format Version 12.00
# Visual Studio Version 17
VisualStudioVersion = 17.1.32328.378
MinimumVisualStudioVersion = 10.0.40219.1
Project("{FAE04EC0-301F-11D3-BF4B-00C04F79EFBC}") = "SeaBattle", "SeaBattle\SeaBattle.csproj", "{AAAD7915-9B65-45D9-9ED2-71F0E5518C63}"
EndProject
Project("{FAE04EC0-301F-11D3-BF4B-00C04F79EFBC}") = "SeaBattleTest", "SeaBattleTest\SeaBattleTest.csproj", "{426AB6DE-6EDC-49A8-AEF4-93FE7B733D1C}"
EndProject
Global
	GlobalSection(SolutionConfigurationPlatforms) = preSolution
		Debug|Any CPU = Debug|Any CPU
		Release|Any CPU = Release|Any CPU
	EndGlobalSection
	GlobalSection(ProjectConfigurationPlatforms) = postSolution
		{AAAD7915-9B65-45D9-9ED2-71F0E5518C63}.Debug|Any CPU.ActiveCfg = Debug|Any CPU
		{AAAD7915-9B65-45D9-9ED2-71F0E5518C63}.Debug|Any CPU.Build.0 = Debug|Any CPU
		{AAAD7915-9B65-45D9-9ED2-71F0E5518C63}.Release|Any CPU.ActiveCfg = Release|Any CPU
		{AAAD7915-9B65-45D9-9ED2-71F0E5518C63}.Release|Any CPU.Build.0 = Release|Any CPU
		{426AB6DE-6EDC-49A8-AEF4-93FE7B733D1C}.Debug|Any CPU.ActiveCfg = Debug|Any CPU
		{426AB6DE-6EDC-49A8-AEF4-93FE7B733D1C}.Debug|Any CPU.Build.0 = Debug|Any CPU
		{426AB6DE-6EDC-49A8-AEF4-93FE7B733D1C}.Release|Any CPU.ActiveCfg = Release|Any CPU
		{426AB6DE-6EDC-49A8-AEF4-93FE7B733D1C}.Release|Any CPU.Build.0 = Release|Any CPU
	EndGlobalSection
	GlobalSection(SolutionProperties) = preSolution
		HideSolutionNode = FALSE
	EndGlobalSection
	GlobalSection(ExtensibilityGlobals) = postSolution
		SolutionGuid = {CFD377C3-5FB4-4627-9F1E-BAD722EAB026}
	EndGlobalSection
EndGlobal
